
Microsoft Visual Studio Solution File, Format Version 12.00
# Visual Studio Version 16
VisualStudioVersion = 16.0.31624.102
MinimumVisualStudioVersion = 10.0.40219.1
Project("{FAE04EC0-301F-11D3-BF4B-00C04F79EFBC}") = "UnitTestsModule.Application", "UnitTestsModule.Application\UnitTestsModule.Application.csproj", "{E33A72AB-73DA-4215-AC5D-2C22DF33065F}"
EndProject
Project("{FAE04EC0-301F-11D3-BF4B-00C04F79EFBC}") = "UnitTestsModule.Domain", "UnitTestsModule.Domain\UnitTestsModule.Domain.csproj", "{56719E91-3470-4B14-9D04-45EE7562C985}"
EndProject
Project("{FAE04EC0-301F-11D3-BF4B-00C04F79EFBC}") = "UnitTestsModule.ApplicationTests", "UnitTestsModule.ApplicationTests\UnitTestsModule.ApplicationTests.csproj", "{1E30CA91-443B-41D4-A445-68CA7C4B4552}"
EndProject
Global
	GlobalSection(SolutionConfigurationPlatforms) = preSolution
		Debug|Any CPU = Debug|Any CPU
		Release|Any CPU = Release|Any CPU
	EndGlobalSection
	GlobalSection(ProjectConfigurationPlatforms) = postSolution
		{E33A72AB-73DA-4215-AC5D-2C22DF33065F}.Debug|Any CPU.ActiveCfg = Debug|Any CPU
		{E33A72AB-73DA-4215-AC5D-2C22DF33065F}.Debug|Any CPU.Build.0 = Debug|Any CPU
		{E33A72AB-73DA-4215-AC5D-2C22DF33065F}.Release|Any CPU.ActiveCfg = Release|Any CPU
		{E33A72AB-73DA-4215-AC5D-2C22DF33065F}.Release|Any CPU.Build.0 = Release|Any CPU
		{56719E91-3470-4B14-9D04-45EE7562C985}.Debug|Any CPU.ActiveCfg = Debug|Any CPU
		{56719E91-3470-4B14-9D04-45EE7562C985}.Debug|Any CPU.Build.0 = Debug|Any CPU
		{56719E91-3470-4B14-9D04-45EE7562C985}.Release|Any CPU.ActiveCfg = Release|Any CPU
		{56719E91-3470-4B14-9D04-45EE7562C985}.Release|Any CPU.Build.0 = Release|Any CPU
		{1E30CA91-443B-41D4-A445-68CA7C4B4552}.Debug|Any CPU.ActiveCfg = Debug|Any CPU
		{1E30CA91-443B-41D4-A445-68CA7C4B4552}.Debug|Any CPU.Build.0 = Debug|Any CPU
		{1E30CA91-443B-41D4-A445-68CA7C4B4552}.Release|Any CPU.ActiveCfg = Release|Any CPU
		{1E30CA91-443B-41D4-A445-68CA7C4B4552}.Release|Any CPU.Build.0 = Release|Any CPU
	EndGlobalSection
	GlobalSection(SolutionProperties) = preSolution
		HideSolutionNode = FALSE
	EndGlobalSection
	GlobalSection(ExtensibilityGlobals) = postSolution
		SolutionGuid = {A8ACED6F-C570-43F0-8909-50DDEDB2B2B4}
	EndGlobalSection
EndGlobal
